
Microsoft Visual Studio Solution File, Format Version 12.00
# Visual Studio 15
VisualStudioVersion = 15.0.27703.2026
MinimumVisualStudioVersion = 10.0.40219.1
Project("{8BC9CEB8-8B4A-11D0-8D11-00A0C91BC942}") = "HW03-EX01", "HW03-EX01\HW03-EX01.vcxproj", "{FB54A208-6317-42C7-A19F-DF7FB62F2F92}"
EndProject
Project("{8BC9CEB8-8B4A-11D0-8D11-00A0C91BC942}") = "UnitTestHW03", "UnitTestHW03\UnitTestHW03.vcxproj", "{90E778C9-3FEC-4851-AE59-E33FF5C4EF7C}"
EndProject
Global
	GlobalSection(SolutionConfigurationPlatforms) = preSolution
		Debug|x64 = Debug|x64
		Debug|x86 = Debug|x86
		Release|x64 = Release|x64
		Release|x86 = Release|x86
	EndGlobalSection
	GlobalSection(ProjectConfigurationPlatforms) = postSolution
		{FB54A208-6317-42C7-A19F-DF7FB62F2F92}.Debug|x64.ActiveCfg = Debug|x64
		{FB54A208-6317-42C7-A19F-DF7FB62F2F92}.Debug|x64.Build.0 = Debug|x64
		{FB54A208-6317-42C7-A19F-DF7FB62F2F92}.Debug|x86.ActiveCfg = Debug|Win32
		{FB54A208-6317-42C7-A19F-DF7FB62F2F92}.Debug|x86.Build.0 = Debug|Win32
		{FB54A208-6317-42C7-A19F-DF7FB62F2F92}.Release|x64.ActiveCfg = Release|x64
		{FB54A208-6317-42C7-A19F-DF7FB62F2F92}.Release|x64.Build.0 = Release|x64
		{FB54A208-6317-42C7-A19F-DF7FB62F2F92}.Release|x86.ActiveCfg = Release|Win32
		{FB54A208-6317-42C7-A19F-DF7FB62F2F92}.Release|x86.Build.0 = Release|Win32
		{90E778C9-3FEC-4851-AE59-E33FF5C4EF7C}.Debug|x64.ActiveCfg = Debug|x64
		{90E778C9-3FEC-4851-AE59-E33FF5C4EF7C}.Debug|x64.Build.0 = Debug|x64
		{90E778C9-3FEC-4851-AE59-E33FF5C4EF7C}.Debug|x86.ActiveCfg = Debug|Win32
		{90E778C9-3FEC-4851-AE59-E33FF5C4EF7C}.Debug|x86.Build.0 = Debug|Win32
		{90E778C9-3FEC-4851-AE59-E33FF5C4EF7C}.Release|x64.ActiveCfg = Release|x64
		{90E778C9-3FEC-4851-AE59-E33FF5C4EF7C}.Release|x64.Build.0 = Release|x64
		{90E778C9-3FEC-4851-AE59-E33FF5C4EF7C}.Release|x86.ActiveCfg = Release|Win32
		{90E778C9-3FEC-4851-AE59-E33FF5C4EF7C}.Release|x86.Build.0 = Release|Win32
	EndGlobalSection
	GlobalSection(SolutionProperties) = preSolution
		HideSolutionNode = FALSE
	EndGlobalSection
	GlobalSection(ExtensibilityGlobals) = postSolution
		SolutionGuid = {8B55623D-8527-499B-BF6E-6DD4BA2FAD8A}
	EndGlobalSection
EndGlobal
